// !$*UTF8*$!
{
	archiveVersion = 1;
	classes = {
	};
	objectVersion = 55;
	objects = {

/* Begin PBXBuildFile section */
		3F85C99728F0EF1B00005F95 /* AppDelegate.swift in Sources */ = {isa = PBXBuildFile; fileRef = 3F85C99628F0EF1B00005F95 /* AppDelegate.swift */; };
		3F85C99928F0EF1B00005F95 /* SceneDelegate.swift in Sources */ = {isa = PBXBuildFile; fileRef = 3F85C99828F0EF1B00005F95 /* SceneDelegate.swift */; };
		3F85C99E28F0EF1B00005F95 /* Main.storyboard in Resources */ = {isa = PBXBuildFile; fileRef = 3F85C99C28F0EF1B00005F95 /* Main.storyboard */; };
		3F85C9A028F0EF1C00005F95 /* Assets.xcassets in Resources */ = {isa = PBXBuildFile; fileRef = 3F85C99F28F0EF1C00005F95 /* Assets.xcassets */; };
		3F85C9A328F0EF1C00005F95 /* LaunchScreen.storyboard in Resources */ = {isa = PBXBuildFile; fileRef = 3F85C9A128F0EF1C00005F95 /* LaunchScreen.storyboard */; };
		3F85C9AE28F0EF1C00005F95 /* InstagramTests.swift in Sources */ = {isa = PBXBuildFile; fileRef = 3F85C9AD28F0EF1C00005F95 /* InstagramTests.swift */; };
		3F85C9B828F0EF1C00005F95 /* InstagramUITests.swift in Sources */ = {isa = PBXBuildFile; fileRef = 3F85C9B728F0EF1C00005F95 /* InstagramUITests.swift */; };
		3F85C9BA28F0EF1C00005F95 /* InstagramUITestsLaunchTests.swift in Sources */ = {isa = PBXBuildFile; fileRef = 3F85C9B928F0EF1C00005F95 /* InstagramUITestsLaunchTests.swift */; };
		3F85C9C728F0F69A00005F95 /* LoginViewController.swift in Sources */ = {isa = PBXBuildFile; fileRef = 3F85C9C628F0F69A00005F95 /* LoginViewController.swift */; };
		3F85C9C928F0F6A500005F95 /* FeedViewController.swift in Sources */ = {isa = PBXBuildFile; fileRef = 3F85C9C828F0F6A500005F95 /* FeedViewController.swift */; };
		3F85C9CB28F12DF500005F95 /* CameraViewController.swift in Sources */ = {isa = PBXBuildFile; fileRef = 3F85C9CA28F12DF500005F95 /* CameraViewController.swift */; };
		3F85C9CD28F1AA4500005F95 /* PostCell.swift in Sources */ = {isa = PBXBuildFile; fileRef = 3F85C9CC28F1AA4500005F95 /* PostCell.swift */; };
		417C474AC49F3EDAB992FD67 /* Pods_Instagram_InstagramUITests.framework in Frameworks */ = {isa = PBXBuildFile; fileRef = 986D229195119F265CFA6F90 /* Pods_Instagram_InstagramUITests.framework */; };
		744D86AA0630193A4B4FCF44 /* Pods_Instagram.framework in Frameworks */ = {isa = PBXBuildFile; fileRef = A0736B11E14EC0D27233AE10 /* Pods_Instagram.framework */; };
		CB3B0957531B629A57C6C863 /* Pods_InstagramTests.framework in Frameworks */ = {isa = PBXBuildFile; fileRef = B4C1229CD1478C932551E8DF /* Pods_InstagramTests.framework */; };
/* End PBXBuildFile section */

/* Begin PBXContainerItemProxy section */
		3F85C9AA28F0EF1C00005F95 /* PBXContainerItemProxy */ = {
			isa = PBXContainerItemProxy;
			containerPortal = 3F85C98B28F0EF1B00005F95 /* Project object */;
			proxyType = 1;
			remoteGlobalIDString = 3F85C99228F0EF1B00005F95;
			remoteInfo = Instagram;
		};
		3F85C9B428F0EF1C00005F95 /* PBXContainerItemProxy */ = {
			isa = PBXContainerItemProxy;
			containerPortal = 3F85C98B28F0EF1B00005F95 /* Project object */;
			proxyType = 1;
			remoteGlobalIDString = 3F85C99228F0EF1B00005F95;
			remoteInfo = Instagram;
		};
/* End PBXContainerItemProxy section */

/* Begin PBXFileReference section */
		15EC5C6753246B8C06570C83 /* Pods-InstagramTests.debug.xcconfig */ = {isa = PBXFileReference; includeInIndex = 1; lastKnownFileType = text.xcconfig; name = "Pods-InstagramTests.debug.xcconfig"; path = "Target Support Files/Pods-InstagramTests/Pods-InstagramTests.debug.xcconfig"; sourceTree = "<group>"; };
		1BE5BCE57F20594915B73C6D /* Pods-Instagram.debug.xcconfig */ = {isa = PBXFileReference; includeInIndex = 1; lastKnownFileType = text.xcconfig; name = "Pods-Instagram.debug.xcconfig"; path = "Target Support Files/Pods-Instagram/Pods-Instagram.debug.xcconfig"; sourceTree = "<group>"; };
		3F85C99328F0EF1B00005F95 /* Instagram.app */ = {isa = PBXFileReference; explicitFileType = wrapper.application; includeInIndex = 0; path = Instagram.app; sourceTree = BUILT_PRODUCTS_DIR; };
		3F85C99628F0EF1B00005F95 /* AppDelegate.swift */ = {isa = PBXFileReference; lastKnownFileType = sourcecode.swift; path = AppDelegate.swift; sourceTree = "<group>"; };
		3F85C99828F0EF1B00005F95 /* SceneDelegate.swift */ = {isa = PBXFileReference; lastKnownFileType = sourcecode.swift; path = SceneDelegate.swift; sourceTree = "<group>"; };
		3F85C99D28F0EF1B00005F95 /* Base */ = {isa = PBXFileReference; lastKnownFileType = file.storyboard; name = Base; path = Base.lproj/Main.storyboard; sourceTree = "<group>"; };
		3F85C99F28F0EF1C00005F95 /* Assets.xcassets */ = {isa = PBXFileReference; lastKnownFileType = folder.assetcatalog; path = Assets.xcassets; sourceTree = "<group>"; };
		3F85C9A228F0EF1C00005F95 /* Base */ = {isa = PBXFileReference; lastKnownFileType = file.storyboard; name = Base; path = Base.lproj/LaunchScreen.storyboard; sourceTree = "<group>"; };
		3F85C9A428F0EF1C00005F95 /* Info.plist */ = {isa = PBXFileReference; lastKnownFileType = text.plist.xml; path = Info.plist; sourceTree = "<group>"; };
		3F85C9A928F0EF1C00005F95 /* InstagramTests.xctest */ = {isa = PBXFileReference; explicitFileType = wrapper.cfbundle; includeInIndex = 0; path = InstagramTests.xctest; sourceTree = BUILT_PRODUCTS_DIR; };
		3F85C9AD28F0EF1C00005F95 /* InstagramTests.swift */ = {isa = PBXFileReference; lastKnownFileType = sourcecode.swift; path = InstagramTests.swift; sourceTree = "<group>"; };
		3F85C9B328F0EF1C00005F95 /* InstagramUITests.xctest */ = {isa = PBXFileReference; explicitFileType = wrapper.cfbundle; includeInIndex = 0; path = InstagramUITests.xctest; sourceTree = BUILT_PRODUCTS_DIR; };
		3F85C9B728F0EF1C00005F95 /* InstagramUITests.swift */ = {isa = PBXFileReference; lastKnownFileType = sourcecode.swift; path = InstagramUITests.swift; sourceTree = "<group>"; };
		3F85C9B928F0EF1C00005F95 /* InstagramUITestsLaunchTests.swift */ = {isa = PBXFileReference; lastKnownFileType = sourcecode.swift; path = InstagramUITestsLaunchTests.swift; sourceTree = "<group>"; };
		3F85C9C628F0F69A00005F95 /* LoginViewController.swift */ = {isa = PBXFileReference; lastKnownFileType = sourcecode.swift; path = LoginViewController.swift; sourceTree = "<group>"; };
		3F85C9C828F0F6A500005F95 /* FeedViewController.swift */ = {isa = PBXFileReference; lastKnownFileType = sourcecode.swift; path = FeedViewController.swift; sourceTree = "<group>"; };
		3F85C9CA28F12DF500005F95 /* CameraViewController.swift */ = {isa = PBXFileReference; lastKnownFileType = sourcecode.swift; path = CameraViewController.swift; sourceTree = "<group>"; };
		3F85C9CC28F1AA4500005F95 /* PostCell.swift */ = {isa = PBXFileReference; lastKnownFileType = sourcecode.swift; path = PostCell.swift; sourceTree = "<group>"; };
		8A7CBA140C66340099D7FC6F /* Pods-InstagramTests.release.xcconfig */ = {isa = PBXFileReference; includeInIndex = 1; lastKnownFileType = text.xcconfig; name = "Pods-InstagramTests.release.xcconfig"; path = "Target Support Files/Pods-InstagramTests/Pods-InstagramTests.release.xcconfig"; sourceTree = "<group>"; };
		986D229195119F265CFA6F90 /* Pods_Instagram_InstagramUITests.framework */ = {isa = PBXFileReference; explicitFileType = wrapper.framework; includeInIndex = 0; path = Pods_Instagram_InstagramUITests.framework; sourceTree = BUILT_PRODUCTS_DIR; };
		A0736B11E14EC0D27233AE10 /* Pods_Instagram.framework */ = {isa = PBXFileReference; explicitFileType = wrapper.framework; includeInIndex = 0; path = Pods_Instagram.framework; sourceTree = BUILT_PRODUCTS_DIR; };
		A21C38B6FBA11643FBBFC1BE /* Pods-Instagram-InstagramUITests.release.xcconfig */ = {isa = PBXFileReference; includeInIndex = 1; lastKnownFileType = text.xcconfig; name = "Pods-Instagram-InstagramUITests.release.xcconfig"; path = "Target Support Files/Pods-Instagram-InstagramUITests/Pods-Instagram-InstagramUITests.release.xcconfig"; sourceTree = "<group>"; };
		B4C1229CD1478C932551E8DF /* Pods_InstagramTests.framework */ = {isa = PBXFileReference; explicitFileType = wrapper.framework; includeInIndex = 0; path = Pods_InstagramTests.framework; sourceTree = BUILT_PRODUCTS_DIR; };
		BECCE71DD8512094C486B476 /* Pods-Instagram.release.xcconfig */ = {isa = PBXFileReference; includeInIndex = 1; lastKnownFileType = text.xcconfig; name = "Pods-Instagram.release.xcconfig"; path = "Target Support Files/Pods-Instagram/Pods-Instagram.release.xcconfig"; sourceTree = "<group>"; };
		FEC100CB79D83DDA24A751A2 /* Pods-Instagram-InstagramUITests.debug.xcconfig */ = {isa = PBXFileReference; includeInIndex = 1; lastKnownFileType = text.xcconfig; name = "Pods-Instagram-InstagramUITests.debug.xcconfig"; path = "Target Support Files/Pods-Instagram-InstagramUITests/Pods-Instagram-InstagramUITests.debug.xcconfig"; sourceTree = "<group>"; };
/* End PBXFileReference section */

/* Begin PBXFrameworksBuildPhase section */
		3F85C99028F0EF1B00005F95 /* Frameworks */ = {
			isa = PBXFrameworksBuildPhase;
			buildActionMask = 2147483647;
			files = (
				744D86AA0630193A4B4FCF44 /* Pods_Instagram.framework in Frameworks */,
			);
			runOnlyForDeploymentPostprocessing = 0;
		};
		3F85C9A628F0EF1C00005F95 /* Frameworks */ = {
			isa = PBXFrameworksBuildPhase;
			buildActionMask = 2147483647;
			files = (
				CB3B0957531B629A57C6C863 /* Pods_InstagramTests.framework in Frameworks */,
			);
			runOnlyForDeploymentPostprocessing = 0;
		};
		3F85C9B028F0EF1C00005F95 /* Frameworks */ = {
			isa = PBXFrameworksBuildPhase;
			buildActionMask = 2147483647;
			files = (
				417C474AC49F3EDAB992FD67 /* Pods_Instagram_InstagramUITests.framework in Frameworks */,
			);
			runOnlyForDeploymentPostprocessing = 0;
		};
/* End PBXFrameworksBuildPhase section */

/* Begin PBXGroup section */
		20EB047EA0940E749761B75D /* Frameworks */ = {
			isa = PBXGroup;
			children = (
				A0736B11E14EC0D27233AE10 /* Pods_Instagram.framework */,
				986D229195119F265CFA6F90 /* Pods_Instagram_InstagramUITests.framework */,
				B4C1229CD1478C932551E8DF /* Pods_InstagramTests.framework */,
			);
			name = Frameworks;
			sourceTree = "<group>";
		};
		3F85C98A28F0EF1B00005F95 = {
			isa = PBXGroup;
			children = (
				3F85C99528F0EF1B00005F95 /* Instagram */,
				3F85C9AC28F0EF1C00005F95 /* InstagramTests */,
				3F85C9B628F0EF1C00005F95 /* InstagramUITests */,
				3F85C99428F0EF1B00005F95 /* Products */,
				F6F13E258D3B5C3B80020B7C /* Pods */,
				20EB047EA0940E749761B75D /* Frameworks */,
			);
			sourceTree = "<group>";
		};
		3F85C99428F0EF1B00005F95 /* Products */ = {
			isa = PBXGroup;
			children = (
				3F85C99328F0EF1B00005F95 /* Instagram.app */,
				3F85C9A928F0EF1C00005F95 /* InstagramTests.xctest */,
				3F85C9B328F0EF1C00005F95 /* InstagramUITests.xctest */,
			);
			name = Products;
			sourceTree = "<group>";
		};
		3F85C99528F0EF1B00005F95 /* Instagram */ = {
			isa = PBXGroup;
			children = (
				3F85C99628F0EF1B00005F95 /* AppDelegate.swift */,
				3F85C99828F0EF1B00005F95 /* SceneDelegate.swift */,
				3F85C99C28F0EF1B00005F95 /* Main.storyboard */,
				3F85C99F28F0EF1C00005F95 /* Assets.xcassets */,
				3F85C9A128F0EF1C00005F95 /* LaunchScreen.storyboard */,
				3F85C9A428F0EF1C00005F95 /* Info.plist */,
				3F85C9C628F0F69A00005F95 /* LoginViewController.swift */,
				3F85C9C828F0F6A500005F95 /* FeedViewController.swift */,
				3F85C9CA28F12DF500005F95 /* CameraViewController.swift */,
				3F85C9CC28F1AA4500005F95 /* PostCell.swift */,
			);
			path = Instagram;
			sourceTree = "<group>";
		};
		3F85C9AC28F0EF1C00005F95 /* InstagramTests */ = {
			isa = PBXGroup;
			children = (
				3F85C9AD28F0EF1C00005F95 /* InstagramTests.swift */,
			);
			path = InstagramTests;
			sourceTree = "<group>";
		};
		3F85C9B628F0EF1C00005F95 /* InstagramUITests */ = {
			isa = PBXGroup;
			children = (
				3F85C9B728F0EF1C00005F95 /* InstagramUITests.swift */,
				3F85C9B928F0EF1C00005F95 /* InstagramUITestsLaunchTests.swift */,
			);
			path = InstagramUITests;
			sourceTree = "<group>";
		};
		F6F13E258D3B5C3B80020B7C /* Pods */ = {
			isa = PBXGroup;
			children = (
				1BE5BCE57F20594915B73C6D /* Pods-Instagram.debug.xcconfig */,
				BECCE71DD8512094C486B476 /* Pods-Instagram.release.xcconfig */,
				FEC100CB79D83DDA24A751A2 /* Pods-Instagram-InstagramUITests.debug.xcconfig */,
				A21C38B6FBA11643FBBFC1BE /* Pods-Instagram-InstagramUITests.release.xcconfig */,
				15EC5C6753246B8C06570C83 /* Pods-InstagramTests.debug.xcconfig */,
				8A7CBA140C66340099D7FC6F /* Pods-InstagramTests.release.xcconfig */,
			);
			path = Pods;
			sourceTree = "<group>";
		};
/* End PBXGroup section */

/* Begin PBXNativeTarget section */
		3F85C99228F0EF1B00005F95 /* Instagram */ = {
			isa = PBXNativeTarget;
			buildConfigurationList = 3F85C9BD28F0EF1C00005F95 /* Build configuration list for PBXNativeTarget "Instagram" */;
			buildPhases = (
				89D1A2A0E8C1FBB919CAB93C /* [CP] Check Pods Manifest.lock */,
				3F85C98F28F0EF1B00005F95 /* Sources */,
				3F85C99028F0EF1B00005F95 /* Frameworks */,
				3F85C99128F0EF1B00005F95 /* Resources */,
				3C0B9B5FD81DF033951B669A /* [CP] Embed Pods Frameworks */,
			);
			buildRules = (
			);
			dependencies = (
			);
			name = Instagram;
			productName = Instagram;
			productReference = 3F85C99328F0EF1B00005F95 /* Instagram.app */;
			productType = "com.apple.product-type.application";
		};
		3F85C9A828F0EF1C00005F95 /* InstagramTests */ = {
			isa = PBXNativeTarget;
			buildConfigurationList = 3F85C9C028F0EF1C00005F95 /* Build configuration list for PBXNativeTarget "InstagramTests" */;
			buildPhases = (
				2E5C23905071AE6AFEFD117D /* [CP] Check Pods Manifest.lock */,
				3F85C9A528F0EF1C00005F95 /* Sources */,
				3F85C9A628F0EF1C00005F95 /* Frameworks */,
				3F85C9A728F0EF1C00005F95 /* Resources */,
			);
			buildRules = (
			);
			dependencies = (
				3F85C9AB28F0EF1C00005F95 /* PBXTargetDependency */,
			);
			name = InstagramTests;
			productName = InstagramTests;
			productReference = 3F85C9A928F0EF1C00005F95 /* InstagramTests.xctest */;
			productType = "com.apple.product-type.bundle.unit-test";
		};
		3F85C9B228F0EF1C00005F95 /* InstagramUITests */ = {
			isa = PBXNativeTarget;
			buildConfigurationList = 3F85C9C328F0EF1C00005F95 /* Build configuration list for PBXNativeTarget "InstagramUITests" */;
			buildPhases = (
				0CC09CA4E7DB9B6AEC870CDC /* [CP] Check Pods Manifest.lock */,
				3F85C9AF28F0EF1C00005F95 /* Sources */,
				3F85C9B028F0EF1C00005F95 /* Frameworks */,
				3F85C9B128F0EF1C00005F95 /* Resources */,
				2728CE062AFC3B1DEBDBC6E0 /* [CP] Embed Pods Frameworks */,
			);
			buildRules = (
			);
			dependencies = (
				3F85C9B528F0EF1C00005F95 /* PBXTargetDependency */,
			);
			name = InstagramUITests;
			productName = InstagramUITests;
			productReference = 3F85C9B328F0EF1C00005F95 /* InstagramUITests.xctest */;
			productType = "com.apple.product-type.bundle.ui-testing";
		};
/* End PBXNativeTarget section */

/* Begin PBXProject section */
		3F85C98B28F0EF1B00005F95 /* Project object */ = {
			isa = PBXProject;
			attributes = {
				BuildIndependentTargetsInParallel = 1;
				LastSwiftUpdateCheck = 1400;
				LastUpgradeCheck = 1400;
				TargetAttributes = {
					3F85C99228F0EF1B00005F95 = {
						CreatedOnToolsVersion = 14.0.1;
					};
					3F85C9A828F0EF1C00005F95 = {
						CreatedOnToolsVersion = 14.0.1;
						TestTargetID = 3F85C99228F0EF1B00005F95;
					};
					3F85C9B228F0EF1C00005F95 = {
						CreatedOnToolsVersion = 14.0.1;
						TestTargetID = 3F85C99228F0EF1B00005F95;
					};
				};
			};
			buildConfigurationList = 3F85C98E28F0EF1B00005F95 /* Build configuration list for PBXProject "Instagram" */;
			compatibilityVersion = "Xcode 13.0";
			developmentRegion = en;
			hasScannedForEncodings = 0;
			knownRegions = (
				en,
				Base,
			);
			mainGroup = 3F85C98A28F0EF1B00005F95;
			productRefGroup = 3F85C99428F0EF1B00005F95 /* Products */;
			projectDirPath = "";
			projectRoot = "";
			targets = (
				3F85C99228F0EF1B00005F95 /* Instagram */,
				3F85C9A828F0EF1C00005F95 /* InstagramTests */,
				3F85C9B228F0EF1C00005F95 /* InstagramUITests */,
			);
		};
/* End PBXProject section */

/* Begin PBXResourcesBuildPhase section */
		3F85C99128F0EF1B00005F95 /* Resources */ = {
			isa = PBXResourcesBuildPhase;
			buildActionMask = 2147483647;
			files = (
				3F85C9A328F0EF1C00005F95 /* LaunchScreen.storyboard in Resources */,
				3F85C9A028F0EF1C00005F95 /* Assets.xcassets in Resources */,
				3F85C99E28F0EF1B00005F95 /* Main.storyboard in Resources */,
			);
			runOnlyForDeploymentPostprocessing = 0;
		};
		3F85C9A728F0EF1C00005F95 /* Resources */ = {
			isa = PBXResourcesBuildPhase;
			buildActionMask = 2147483647;
			files = (
			);
			runOnlyForDeploymentPostprocessing = 0;
		};
		3F85C9B128F0EF1C00005F95 /* Resources */ = {
			isa = PBXResourcesBuildPhase;
			buildActionMask = 2147483647;
			files = (
			);
			runOnlyForDeploymentPostprocessing = 0;
		};
/* End PBXResourcesBuildPhase section */

/* Begin PBXShellScriptBuildPhase section */
		0CC09CA4E7DB9B6AEC870CDC /* [CP] Check Pods Manifest.lock */ = {
			isa = PBXShellScriptBuildPhase;
			buildActionMask = 2147483647;
			files = (
			);
			inputFileListPaths = (
			);
			inputPaths = (
				"${PODS_PODFILE_DIR_PATH}/Podfile.lock",
				"${PODS_ROOT}/Manifest.lock",
			);
			name = "[CP] Check Pods Manifest.lock";
			outputFileListPaths = (
			);
			outputPaths = (
				"$(DERIVED_FILE_DIR)/Pods-Instagram-InstagramUITests-checkManifestLockResult.txt",
			);
			runOnlyForDeploymentPostprocessing = 0;
			shellPath = /bin/sh;
			shellScript = "diff \"${PODS_PODFILE_DIR_PATH}/Podfile.lock\" \"${PODS_ROOT}/Manifest.lock\" > /dev/null\nif [ $? != 0 ] ; then\n    # print error to STDERR\n    echo \"error: The sandbox is not in sync with the Podfile.lock. Run 'pod install' or update your CocoaPods installation.\" >&2\n    exit 1\nfi\n# This output is used by Xcode 'outputs' to avoid re-running this script phase.\necho \"SUCCESS\" > \"${SCRIPT_OUTPUT_FILE_0}\"\n";
			showEnvVarsInLog = 0;
		};
		2728CE062AFC3B1DEBDBC6E0 /* [CP] Embed Pods Frameworks */ = {
			isa = PBXShellScriptBuildPhase;
			buildActionMask = 2147483647;
			files = (
			);
			inputFileListPaths = (
				"${PODS_ROOT}/Target Support Files/Pods-Instagram-InstagramUITests/Pods-Instagram-InstagramUITests-frameworks-${CONFIGURATION}-input-files.xcfilelist",
			);
			name = "[CP] Embed Pods Frameworks";
			outputFileListPaths = (
				"${PODS_ROOT}/Target Support Files/Pods-Instagram-InstagramUITests/Pods-Instagram-InstagramUITests-frameworks-${CONFIGURATION}-output-files.xcfilelist",
			);
			runOnlyForDeploymentPostprocessing = 0;
			shellPath = /bin/sh;
			shellScript = "\"${PODS_ROOT}/Target Support Files/Pods-Instagram-InstagramUITests/Pods-Instagram-InstagramUITests-frameworks.sh\"\n";
			showEnvVarsInLog = 0;
		};
		2E5C23905071AE6AFEFD117D /* [CP] Check Pods Manifest.lock */ = {
			isa = PBXShellScriptBuildPhase;
			buildActionMask = 2147483647;
			files = (
			);
			inputFileListPaths = (
			);
			inputPaths = (
				"${PODS_PODFILE_DIR_PATH}/Podfile.lock",
				"${PODS_ROOT}/Manifest.lock",
			);
			name = "[CP] Check Pods Manifest.lock";
			outputFileListPaths = (
			);
			outputPaths = (
				"$(DERIVED_FILE_DIR)/Pods-InstagramTests-checkManifestLockResult.txt",
			);
			runOnlyForDeploymentPostprocessing = 0;
			shellPath = /bin/sh;
			shellScript = "diff \"${PODS_PODFILE_DIR_PATH}/Podfile.lock\" \"${PODS_ROOT}/Manifest.lock\" > /dev/null\nif [ $? != 0 ] ; then\n    # print error to STDERR\n    echo \"error: The sandbox is not in sync with the Podfile.lock. Run 'pod install' or update your CocoaPods installation.\" >&2\n    exit 1\nfi\n# This output is used by Xcode 'outputs' to avoid re-running this script phase.\necho \"SUCCESS\" > \"${SCRIPT_OUTPUT_FILE_0}\"\n";
			showEnvVarsInLog = 0;
		};
		3C0B9B5FD81DF033951B669A /* [CP] Embed Pods Frameworks */ = {
			isa = PBXShellScriptBuildPhase;
			buildActionMask = 2147483647;
			files = (
			);
			inputFileListPaths = (
				"${PODS_ROOT}/Target Support Files/Pods-Instagram/Pods-Instagram-frameworks-${CONFIGURATION}-input-files.xcfilelist",
			);
			name = "[CP] Embed Pods Frameworks";
			outputFileListPaths = (
				"${PODS_ROOT}/Target Support Files/Pods-Instagram/Pods-Instagram-frameworks-${CONFIGURATION}-output-files.xcfilelist",
			);
			runOnlyForDeploymentPostprocessing = 0;
			shellPath = /bin/sh;
			shellScript = "\"${PODS_ROOT}/Target Support Files/Pods-Instagram/Pods-Instagram-frameworks.sh\"\n";
			showEnvVarsInLog = 0;
		};
		89D1A2A0E8C1FBB919CAB93C /* [CP] Check Pods Manifest.lock */ = {
			isa = PBXShellScriptBuildPhase;
			buildActionMask = 2147483647;
			files = (
			);
			inputFileListPaths = (
			);
			inputPaths = (
				"${PODS_PODFILE_DIR_PATH}/Podfile.lock",
				"${PODS_ROOT}/Manifest.lock",
			);
			name = "[CP] Check Pods Manifest.lock";
			outputFileListPaths = (
			);
			outputPaths = (
				"$(DERIVED_FILE_DIR)/Pods-Instagram-checkManifestLockResult.txt",
			);
			runOnlyForDeploymentPostprocessing = 0;
			shellPath = /bin/sh;
			shellScript = "diff \"${PODS_PODFILE_DIR_PATH}/Podfile.lock\" \"${PODS_ROOT}/Manifest.lock\" > /dev/null\nif [ $? != 0 ] ; then\n    # print error to STDERR\n    echo \"error: The sandbox is not in sync with the Podfile.lock. Run 'pod install' or update your CocoaPods installation.\" >&2\n    exit 1\nfi\n# This output is used by Xcode 'outputs' to avoid re-running this script phase.\necho \"SUCCESS\" > \"${SCRIPT_OUTPUT_FILE_0}\"\n";
			showEnvVarsInLog = 0;
		};
/* End PBXShellScriptBuildPhase section */

/* Begin PBXSourcesBuildPhase section */
		3F85C98F28F0EF1B00005F95 /* Sources */ = {
			isa = PBXSourcesBuildPhase;
			buildActionMask = 2147483647;
			files = (
				3F85C9C728F0F69A00005F95 /* LoginViewController.swift in Sources */,
				3F85C9CB28F12DF500005F95 /* CameraViewController.swift in Sources */,
				3F85C99728F0EF1B00005F95 /* AppDelegate.swift in Sources */,
				3F85C9C928F0F6A500005F95 /* FeedViewController.swift in Sources */,
				3F85C99928F0EF1B00005F95 /* SceneDelegate.swift in Sources */,
				3F85C9CD28F1AA4500005F95 /* PostCell.swift in Sources */,
			);
			runOnlyForDeploymentPostprocessing = 0;
		};
		3F85C9A528F0EF1C00005F95 /* Sources */ = {
			isa = PBXSourcesBuildPhase;
			buildActionMask = 2147483647;
			files = (
				3F85C9AE28F0EF1C00005F95 /* InstagramTests.swift in Sources */,
			);
			runOnlyForDeploymentPostprocessing = 0;
		};
		3F85C9AF28F0EF1C00005F95 /* Sources */ = {
			isa = PBXSourcesBuildPhase;
			buildActionMask = 2147483647;
			files = (
				3F85C9B828F0EF1C00005F95 /* InstagramUITests.swift in Sources */,
				3F85C9BA28F0EF1C00005F95 /* InstagramUITestsLaunchTests.swift in Sources */,
			);
			runOnlyForDeploymentPostprocessing = 0;
		};
/* End PBXSourcesBuildPhase section */

/* Begin PBXTargetDependency section */
		3F85C9AB28F0EF1C00005F95 /* PBXTargetDependency */ = {
			isa = PBXTargetDependency;
			target = 3F85C99228F0EF1B00005F95 /* Instagram */;
			targetProxy = 3F85C9AA28F0EF1C00005F95 /* PBXContainerItemProxy */;
		};
		3F85C9B528F0EF1C00005F95 /* PBXTargetDependency */ = {
			isa = PBXTargetDependency;
			target = 3F85C99228F0EF1B00005F95 /* Instagram */;
			targetProxy = 3F85C9B428F0EF1C00005F95 /* PBXContainerItemProxy */;
		};
/* End PBXTargetDependency section */

/* Begin PBXVariantGroup section */
		3F85C99C28F0EF1B00005F95 /* Main.storyboard */ = {
			isa = PBXVariantGroup;
			children = (
				3F85C99D28F0EF1B00005F95 /* Base */,
			);
			name = Main.storyboard;
			sourceTree = "<group>";
		};
		3F85C9A128F0EF1C00005F95 /* LaunchScreen.storyboard */ = {
			isa = PBXVariantGroup;
			children = (
				3F85C9A228F0EF1C00005F95 /* Base */,
			);
			name = LaunchScreen.storyboard;
			sourceTree = "<group>";
		};
/* End PBXVariantGroup section */

/* Begin XCBuildConfiguration section */
		3F85C9BB28F0EF1C00005F95 /* Debug */ = {
			isa = XCBuildConfiguration;
			buildSettings = {
				ALWAYS_SEARCH_USER_PATHS = NO;
				CLANG_ANALYZER_NONNULL = YES;
				CLANG_ANALYZER_NUMBER_OBJECT_CONVERSION = YES_AGGRESSIVE;
				CLANG_CXX_LANGUAGE_STANDARD = "gnu++20";
				CLANG_ENABLE_MODULES = YES;
				CLANG_ENABLE_OBJC_ARC = YES;
				CLANG_ENABLE_OBJC_WEAK = YES;
				CLANG_WARN_BLOCK_CAPTURE_AUTORELEASING = YES;
				CLANG_WARN_BOOL_CONVERSION = YES;
				CLANG_WARN_COMMA = YES;
				CLANG_WARN_CONSTANT_CONVERSION = YES;
				CLANG_WARN_DEPRECATED_OBJC_IMPLEMENTATIONS = YES;
				CLANG_WARN_DIRECT_OBJC_ISA_USAGE = YES_ERROR;
				CLANG_WARN_DOCUMENTATION_COMMENTS = YES;
				CLANG_WARN_EMPTY_BODY = YES;
				CLANG_WARN_ENUM_CONVERSION = YES;
				CLANG_WARN_INFINITE_RECURSION = YES;
				CLANG_WARN_INT_CONVERSION = YES;
				CLANG_WARN_NON_LITERAL_NULL_CONVERSION = YES;
				CLANG_WARN_OBJC_IMPLICIT_RETAIN_SELF = YES;
				CLANG_WARN_OBJC_LITERAL_CONVERSION = YES;
				CLANG_WARN_OBJC_ROOT_CLASS = YES_ERROR;
				CLANG_WARN_QUOTED_INCLUDE_IN_FRAMEWORK_HEADER = YES;
				CLANG_WARN_RANGE_LOOP_ANALYSIS = YES;
				CLANG_WARN_STRICT_PROTOTYPES = YES;
				CLANG_WARN_SUSPICIOUS_MOVE = YES;
				CLANG_WARN_UNGUARDED_AVAILABILITY = YES_AGGRESSIVE;
				CLANG_WARN_UNREACHABLE_CODE = YES;
				CLANG_WARN__DUPLICATE_METHOD_MATCH = YES;
				COPY_PHASE_STRIP = NO;
				DEBUG_INFORMATION_FORMAT = dwarf;
				ENABLE_STRICT_OBJC_MSGSEND = YES;
				ENABLE_TESTABILITY = YES;
				GCC_C_LANGUAGE_STANDARD = gnu11;
				GCC_DYNAMIC_NO_PIC = NO;
				GCC_NO_COMMON_BLOCKS = YES;
				GCC_OPTIMIZATION_LEVEL = 0;
				GCC_PREPROCESSOR_DEFINITIONS = (
					"DEBUG=1",
					"$(inherited)",
				);
				GCC_WARN_64_TO_32_BIT_CONVERSION = YES;
				GCC_WARN_ABOUT_RETURN_TYPE = YES_ERROR;
				GCC_WARN_UNDECLARED_SELECTOR = YES;
				GCC_WARN_UNINITIALIZED_AUTOS = YES_AGGRESSIVE;
				GCC_WARN_UNUSED_FUNCTION = YES;
				GCC_WARN_UNUSED_VARIABLE = YES;
				IPHONEOS_DEPLOYMENT_TARGET = 16.0;
				MTL_ENABLE_DEBUG_INFO = INCLUDE_SOURCE;
				MTL_FAST_MATH = YES;
				ONLY_ACTIVE_ARCH = YES;
				SDKROOT = iphoneos;
				SWIFT_ACTIVE_COMPILATION_CONDITIONS = DEBUG;
				SWIFT_OPTIMIZATION_LEVEL = "-Onone";
			};
			name = Debug;
		};
		3F85C9BC28F0EF1C00005F95 /* Release */ = {
			isa = XCBuildConfiguration;
			buildSettings = {
				ALWAYS_SEARCH_USER_PATHS = NO;
				CLANG_ANALYZER_NONNULL = YES;
				CLANG_ANALYZER_NUMBER_OBJECT_CONVERSION = YES_AGGRESSIVE;
				CLANG_CXX_LANGUAGE_STANDARD = "gnu++20";
				CLANG_ENABLE_MODULES = YES;
				CLANG_ENABLE_OBJC_ARC = YES;
				CLANG_ENABLE_OBJC_WEAK = YES;
				CLANG_WARN_BLOCK_CAPTURE_AUTORELEASING = YES;
				CLANG_WARN_BOOL_CONVERSION = YES;
				CLANG_WARN_COMMA = YES;
				CLANG_WARN_CONSTANT_CONVERSION = YES;
				CLANG_WARN_DEPRECATED_OBJC_IMPLEMENTATIONS = YES;
				CLANG_WARN_DIRECT_OBJC_ISA_USAGE = YES_ERROR;
				CLANG_WARN_DOCUMENTATION_COMMENTS = YES;
				CLANG_WARN_EMPTY_BODY = YES;
				CLANG_WARN_ENUM_CONVERSION = YES;
				CLANG_WARN_INFINITE_RECURSION = YES;
				CLANG_WARN_INT_CONVERSION = YES;
				CLANG_WARN_NON_LITERAL_NULL_CONVERSION = YES;
				CLANG_WARN_OBJC_IMPLICIT_RETAIN_SELF = YES;
				CLANG_WARN_OBJC_LITERAL_CONVERSION = YES;
				CLANG_WARN_OBJC_ROOT_CLASS = YES_ERROR;
				CLANG_WARN_QUOTED_INCLUDE_IN_FRAMEWORK_HEADER = YES;
				CLANG_WARN_RANGE_LOOP_ANALYSIS = YES;
				CLANG_WARN_STRICT_PROTOTYPES = YES;
				CLANG_WARN_SUSPICIOUS_MOVE = YES;
				CLANG_WARN_UNGUARDED_AVAILABILITY = YES_AGGRESSIVE;
				CLANG_WARN_UNREACHABLE_CODE = YES;
				CLANG_WARN__DUPLICATE_METHOD_MATCH = YES;
				COPY_PHASE_STRIP = NO;
				DEBUG_INFORMATION_FORMAT = "dwarf-with-dsym";
				ENABLE_NS_ASSERTIONS = NO;
				ENABLE_STRICT_OBJC_MSGSEND = YES;
				GCC_C_LANGUAGE_STANDARD = gnu11;
				GCC_NO_COMMON_BLOCKS = YES;
				GCC_WARN_64_TO_32_BIT_CONVERSION = YES;
				GCC_WARN_ABOUT_RETURN_TYPE = YES_ERROR;
				GCC_WARN_UNDECLARED_SELECTOR = YES;
				GCC_WARN_UNINITIALIZED_AUTOS = YES_AGGRESSIVE;
				GCC_WARN_UNUSED_FUNCTION = YES;
				GCC_WARN_UNUSED_VARIABLE = YES;
				IPHONEOS_DEPLOYMENT_TARGET = 16.0;
				MTL_ENABLE_DEBUG_INFO = NO;
				MTL_FAST_MATH = YES;
				SDKROOT = iphoneos;
				SWIFT_COMPILATION_MODE = wholemodule;
				SWIFT_OPTIMIZATION_LEVEL = "-O";
				VALIDATE_PRODUCT = YES;
			};
			name = Release;
		};
		3F85C9BE28F0EF1C00005F95 /* Debug */ = {
			isa = XCBuildConfiguration;
			baseConfigurationReference = 1BE5BCE57F20594915B73C6D /* Pods-Instagram.debug.xcconfig */;
			buildSettings = {
				ASSETCATALOG_COMPILER_APPICON_NAME = AppIcon;
				ASSETCATALOG_COMPILER_GLOBAL_ACCENT_COLOR_NAME = AccentColor;
				CODE_SIGN_STYLE = Automatic;
				CURRENT_PROJECT_VERSION = 1;
				DEVELOPMENT_TEAM = CAQ3GQV7R6;
				GENERATE_INFOPLIST_FILE = YES;
				INFOPLIST_FILE = Instagram/Info.plist;
				INFOPLIST_KEY_UIApplicationSupportsIndirectInputEvents = YES;
				INFOPLIST_KEY_UILaunchStoryboardName = LaunchScreen;
				INFOPLIST_KEY_UIMainStoryboardFile = Main;
				INFOPLIST_KEY_UISupportedInterfaceOrientations_iPad = "UIInterfaceOrientationPortrait UIInterfaceOrientationPortraitUpsideDown UIInterfaceOrientationLandscapeLeft UIInterfaceOrientationLandscapeRight";
				INFOPLIST_KEY_UISupportedInterfaceOrientations_iPhone = "UIInterfaceOrientationPortrait UIInterfaceOrientationLandscapeLeft UIInterfaceOrientationLandscapeRight";
				LD_RUNPATH_SEARCH_PATHS = (
					"$(inherited)",
					"@executable_path/Frameworks",
				);
				MARKETING_VERSION = 1.0;
				PRODUCT_BUNDLE_IDENTIFIER = com.janecching.Instagram;
				PRODUCT_NAME = "$(TARGET_NAME)";
				SWIFT_EMIT_LOC_STRINGS = YES;
				SWIFT_VERSION = 5.0;
				TARGETED_DEVICE_FAMILY = "1,2";
			};
			name = Debug;
		};
		3F85C9BF28F0EF1C00005F95 /* Release */ = {
			isa = XCBuildConfiguration;
			baseConfigurationReference = BECCE71DD8512094C486B476 /* Pods-Instagram.release.xcconfig */;
			buildSettings = {
				ASSETCATALOG_COMPILER_APPICON_NAME = AppIcon;
				ASSETCATALOG_COMPILER_GLOBAL_ACCENT_COLOR_NAME = AccentColor;
				CODE_SIGN_STYLE = Automatic;
				CURRENT_PROJECT_VERSION = 1;
				DEVELOPMENT_TEAM = CAQ3GQV7R6;
				GENERATE_INFOPLIST_FILE = YES;
				INFOPLIST_FILE = Instagram/Info.plist;
				INFOPLIST_KEY_UIApplicationSupportsIndirectInputEvents = YES;
				INFOPLIST_KEY_UILaunchStoryboardName = LaunchScreen;
				INFOPLIST_KEY_UIMainStoryboardFile = Main;
				INFOPLIST_KEY_UISupportedInterfaceOrientations_iPad = "UIInterfaceOrientationPortrait UIInterfaceOrientationPortraitUpsideDown UIInterfaceOrientationLandscapeLeft UIInterfaceOrientationLandscapeRight";
				INFOPLIST_KEY_UISupportedInterfaceOrientations_iPhone = "UIInterfaceOrientationPortrait UIInterfaceOrientationLandscapeLeft UIInterfaceOrientationLandscapeRight";
				LD_RUNPATH_SEARCH_PATHS = (
					"$(inherited)",
					"@executable_path/Frameworks",
				);
				MARKETING_VERSION = 1.0;
				PRODUCT_BUNDLE_IDENTIFIER = com.janecching.Instagram;
				PRODUCT_NAME = "$(TARGET_NAME)";
				SWIFT_EMIT_LOC_STRINGS = YES;
				SWIFT_VERSION = 5.0;
				TARGETED_DEVICE_FAMILY = "1,2";
			};
			name = Release;
		};
		3F85C9C128F0EF1C00005F95 /* Debug */ = {
			isa = XCBuildConfiguration;
			baseConfigurationReference = 15EC5C6753246B8C06570C83 /* Pods-InstagramTests.debug.xcconfig */;
			buildSettings = {
				ALWAYS_EMBED_SWIFT_STANDARD_LIBRARIES = YES;
				BUNDLE_LOADER = "$(TEST_HOST)";
				CODE_SIGN_STYLE = Automatic;
				CURRENT_PROJECT_VERSION = 1;
				DEVELOPMENT_TEAM = CAQ3GQV7R6;
				GENERATE_INFOPLIST_FILE = YES;
				IPHONEOS_DEPLOYMENT_TARGET = 16.0;
				MARKETING_VERSION = 1.0;
				PRODUCT_BUNDLE_IDENTIFIER = com.janecching.InstagramTests;
				PRODUCT_NAME = "$(TARGET_NAME)";
				SWIFT_EMIT_LOC_STRINGS = NO;
				SWIFT_VERSION = 5.0;
				TARGETED_DEVICE_FAMILY = "1,2";
				TEST_HOST = "$(BUILT_PRODUCTS_DIR)/Instagram.app/$(BUNDLE_EXECUTABLE_FOLDER_PATH)/Instagram";
			};
			name = Debug;
		};
		3F85C9C228F0EF1C00005F95 /* Release */ = {
			isa = XCBuildConfiguration;
			baseConfigurationReference = 8A7CBA140C66340099D7FC6F /* Pods-InstagramTests.release.xcconfig */;
			buildSettings = {
				ALWAYS_EMBED_SWIFT_STANDARD_LIBRARIES = YES;
				BUNDLE_LOADER = "$(TEST_HOST)";
				CODE_SIGN_STYLE = Automatic;
				CURRENT_PROJECT_VERSION = 1;
				DEVELOPMENT_TEAM = CAQ3GQV7R6;
				GENERATE_INFOPLIST_FILE = YES;
				IPHONEOS_DEPLOYMENT_TARGET = 16.0;
				MARKETING_VERSION = 1.0;
				PRODUCT_BUNDLE_IDENTIFIER = com.janecching.InstagramTests;
				PRODUCT_NAME = "$(TARGET_NAME)";
				SWIFT_EMIT_LOC_STRINGS = NO;
				SWIFT_VERSION = 5.0;
				TARGETED_DEVICE_FAMILY = "1,2";
				TEST_HOST = "$(BUILT_PRODUCTS_DIR)/Instagram.app/$(BUNDLE_EXECUTABLE_FOLDER_PATH)/Instagram";
			};
			name = Release;
		};
		3F85C9C428F0EF1C00005F95 /* Debug */ = {
			isa = XCBuildConfiguration;
			baseConfigurationReference = FEC100CB79D83DDA24A751A2 /* Pods-Instagram-InstagramUITests.debug.xcconfig */;
			buildSettings = {
				ALWAYS_EMBED_SWIFT_STANDARD_LIBRARIES = YES;
				CODE_SIGN_STYLE = Automatic;
				CURRENT_PROJECT_VERSION = 1;
				DEVELOPMENT_TEAM = CAQ3GQV7R6;
				GENERATE_INFOPLIST_FILE = YES;
				MARKETING_VERSION = 1.0;
				PRODUCT_BUNDLE_IDENTIFIER = com.janecching.InstagramUITests;
				PRODUCT_NAME = "$(TARGET_NAME)";
				SWIFT_EMIT_LOC_STRINGS = NO;
				SWIFT_VERSION = 5.0;
				TARGETED_DEVICE_FAMILY = "1,2";
				TEST_TARGET_NAME = Instagram;
			};
			name = Debug;
		};
		3F85C9C528F0EF1C00005F95 /* Release */ = {
			isa = XCBuildConfiguration;
			baseConfigurationReference = A21C38B6FBA11643FBBFC1BE /* Pods-Instagram-InstagramUITests.release.xcconfig */;
			buildSettings = {
				ALWAYS_EMBED_SWIFT_STANDARD_LIBRARIES = YES;
				CODE_SIGN_STYLE = Automatic;
				CURRENT_PROJECT_VERSION = 1;
				DEVELOPMENT_TEAM = CAQ3GQV7R6;
				GENERATE_INFOPLIST_FILE = YES;
				MARKETING_VERSION = 1.0;
				PRODUCT_BUNDLE_IDENTIFIER = com.janecching.InstagramUITests;
				PRODUCT_NAME = "$(TARGET_NAME)";
				SWIFT_EMIT_LOC_STRINGS = NO;
				SWIFT_VERSION = 5.0;
				TARGETED_DEVICE_FAMILY = "1,2";
				TEST_TARGET_NAME = Instagram;
			};
			name = Release;
		};
/* End XCBuildConfiguration section */

/* Begin XCConfigurationList section */
		3F85C98E28F0EF1B00005F95 /* Build configuration list for PBXProject "Instagram" */ = {
			isa = XCConfigurationList;
			buildConfigurations = (
				3F85C9BB28F0EF1C00005F95 /* Debug */,
				3F85C9BC28F0EF1C00005F95 /* Release */,
			);
			defaultConfigurationIsVisible = 0;
			defaultConfigurationName = Release;
		};
		3F85C9BD28F0EF1C00005F95 /* Build configuration list for PBXNativeTarget "Instagram" */ = {
			isa = XCConfigurationList;
			buildConfigurations = (
				3F85C9BE28F0EF1C00005F95 /* Debug */,
				3F85C9BF28F0EF1C00005F95 /* Release */,
			);
			defaultConfigurationIsVisible = 0;
			defaultConfigurationName = Release;
		};
		3F85C9C028F0EF1C00005F95 /* Build configuration list for PBXNativeTarget "InstagramTests" */ = {
			isa = XCConfigurationList;
			buildConfigurations = (
				3F85C9C128F0EF1C00005F95 /* Debug */,
				3F85C9C228F0EF1C00005F95 /* Release */,
			);
			defaultConfigurationIsVisible = 0;
			defaultConfigurationName = Release;
		};
		3F85C9C328F0EF1C00005F95 /* Build configuration list for PBXNativeTarget "InstagramUITests" */ = {
			isa = XCConfigurationList;
			buildConfigurations = (
				3F85C9C428F0EF1C00005F95 /* Debug */,
				3F85C9C528F0EF1C00005F95 /* Release */,
			);
			defaultConfigurationIsVisible = 0;
			defaultConfigurationName = Release;
		};
/* End XCConfigurationList section */
	};
	rootObject = 3F85C98B28F0EF1B00005F95 /* Project object */;
}
